
Microsoft Visual Studio Solution File, Format Version 12.00
# Visual Studio Version 17
VisualStudioVersion = 17.5.33627.172
MinimumVisualStudioVersion = 10.0.40219.1
Project("{9A19103F-16F7-4668-BE54-9A1E7A4F7556}") = "MyProcess", "MyProcess\MyProcess.csproj", "{3A3EBEB4-14E0-4889-A21E-85FA98EC2AB2}"
EndProject
Project("{9A19103F-16F7-4668-BE54-9A1E7A4F7556}") = "Call", "Call\Call.csproj", "{D08B0135-B822-4D4F-A443-6AD1101BA7EA}"
EndProject
Project("{9A19103F-16F7-4668-BE54-9A1E7A4F7556}") = "MyDLL", "MyDLL\MyDLL.csproj", "{5AFDADE4-DA2E-45C0-AADA-9BC7CE1ADA07}"
EndProject
Project("{9A19103F-16F7-4668-BE54-9A1E7A4F7556}") = "MyDLL3", "MyDLL3\MyDLL3.csproj", "{F81D9E38-B7FA-4548-988A-7CA15DE1FFC8}"
EndProject
Project("{9A19103F-16F7-4668-BE54-9A1E7A4F7556}") = "MyReflexia", "MyReflexia\MyReflexia.csproj", "{A6079072-5D57-4E6A-8B86-5FAC4A86794C}"
EndProject
Project("{FAE04EC0-301F-11D3-BF4B-00C04F79EFBC}") = "MyDLL4", "MyDLL4\MyDLL4.csproj", "{2921538C-EAE0-489F-B898-58C94DC272E5}"
EndProject
Project("{FAE04EC0-301F-11D3-BF4B-00C04F79EFBC}") = "MyReflexia2", "MyReflexia2\MyReflexia2.csproj", "{EEB323B5-A01C-41DE-AAD0-23E0BFABD8DF}"
EndProject
Project("{9A19103F-16F7-4668-BE54-9A1E7A4F7556}") = "MyThread", "MyThread\MyThread.csproj", "{102373D2-6B17-47E2-977F-4FA06773BFA2}"
EndProject
Project("{9A19103F-16F7-4668-BE54-9A1E7A4F7556}") = "MyForm", "MyForm\MyForm.csproj", "{48393FC2-D39E-49E0-8924-30BB1023B6BF}"
EndProject
Project("{9A19103F-16F7-4668-BE54-9A1E7A4F7556}") = "MyTask", "MyTask\MyTask.csproj", "{D1E6AB59-7492-42D4-968F-C96C4E5D7069}"
EndProject
Project("{FAE04EC0-301F-11D3-BF4B-00C04F79EFBC}") = "MyTask2", "MyTask2\MyTask2.csproj", "{E678AE7F-ED58-4264-945C-4D903B3D3C67}"
EndProject
Global
	GlobalSection(SolutionConfigurationPlatforms) = preSolution
		Debug|Any CPU = Debug|Any CPU
		Release|Any CPU = Release|Any CPU
	EndGlobalSection
	GlobalSection(ProjectConfigurationPlatforms) = postSolution
		{3A3EBEB4-14E0-4889-A21E-85FA98EC2AB2}.Debug|Any CPU.ActiveCfg = Debug|Any CPU
		{3A3EBEB4-14E0-4889-A21E-85FA98EC2AB2}.Debug|Any CPU.Build.0 = Debug|Any CPU
		{3A3EBEB4-14E0-4889-A21E-85FA98EC2AB2}.Release|Any CPU.ActiveCfg = Release|Any CPU
		{3A3EBEB4-14E0-4889-A21E-85FA98EC2AB2}.Release|Any CPU.Build.0 = Release|Any CPU
		{D08B0135-B822-4D4F-A443-6AD1101BA7EA}.Debug|Any CPU.ActiveCfg = Debug|Any CPU
		{D08B0135-B822-4D4F-A443-6AD1101BA7EA}.Debug|Any CPU.Build.0 = Debug|Any CPU
		{D08B0135-B822-4D4F-A443-6AD1101BA7EA}.Release|Any CPU.ActiveCfg = Release|Any CPU
		{D08B0135-B822-4D4F-A443-6AD1101BA7EA}.Release|Any CPU.Build.0 = Release|Any CPU
		{5AFDADE4-DA2E-45C0-AADA-9BC7CE1ADA07}.Debug|Any CPU.ActiveCfg = Debug|Any CPU
		{5AFDADE4-DA2E-45C0-AADA-9BC7CE1ADA07}.Debug|Any CPU.Build.0 = Debug|Any CPU
		{5AFDADE4-DA2E-45C0-AADA-9BC7CE1ADA07}.Release|Any CPU.ActiveCfg = Release|Any CPU
		{5AFDADE4-DA2E-45C0-AADA-9BC7CE1ADA07}.Release|Any CPU.Build.0 = Release|Any CPU
		{F81D9E38-B7FA-4548-988A-7CA15DE1FFC8}.Debug|Any CPU.ActiveCfg = Debug|Any CPU
		{F81D9E38-B7FA-4548-988A-7CA15DE1FFC8}.Debug|Any CPU.Build.0 = Debug|Any CPU
		{F81D9E38-B7FA-4548-988A-7CA15DE1FFC8}.Release|Any CPU.ActiveCfg = Release|Any CPU
		{F81D9E38-B7FA-4548-988A-7CA15DE1FFC8}.Release|Any CPU.Build.0 = Release|Any CPU
		{A6079072-5D57-4E6A-8B86-5FAC4A86794C}.Debug|Any CPU.ActiveCfg = Debug|Any CPU
		{A6079072-5D57-4E6A-8B86-5FAC4A86794C}.Debug|Any CPU.Build.0 = Debug|Any CPU
		{A6079072-5D57-4E6A-8B86-5FAC4A86794C}.Release|Any CPU.ActiveCfg = Release|Any CPU
		{A6079072-5D57-4E6A-8B86-5FAC4A86794C}.Release|Any CPU.Build.0 = Release|Any CPU
		{2921538C-EAE0-489F-B898-58C94DC272E5}.Debug|Any CPU.ActiveCfg = Debug|Any CPU
		{2921538C-EAE0-489F-B898-58C94DC272E5}.Debug|Any CPU.Build.0 = Debug|Any CPU
		{2921538C-EAE0-489F-B898-58C94DC272E5}.Release|Any CPU.ActiveCfg = Release|Any CPU
		{2921538C-EAE0-489F-B898-58C94DC272E5}.Release|Any CPU.Build.0 = Release|Any CPU
		{EEB323B5-A01C-41DE-AAD0-23E0BFABD8DF}.Debug|Any CPU.ActiveCfg = Debug|Any CPU
		{EEB323B5-A01C-41DE-AAD0-23E0BFABD8DF}.Debug|Any CPU.Build.0 = Debug|Any CPU
		{EEB323B5-A01C-41DE-AAD0-23E0BFABD8DF}.Release|Any CPU.ActiveCfg = Release|Any CPU
		{EEB323B5-A01C-41DE-AAD0-23E0BFABD8DF}.Release|Any CPU.Build.0 = Release|Any CPU
		{102373D2-6B17-47E2-977F-4FA06773BFA2}.Debug|Any CPU.ActiveCfg = Debug|Any CPU
		{102373D2-6B17-47E2-977F-4FA06773BFA2}.Debug|Any CPU.Build.0 = Debug|Any CPU
		{102373D2-6B17-47E2-977F-4FA06773BFA2}.Release|Any CPU.ActiveCfg = Release|Any CPU
		{102373D2-6B17-47E2-977F-4FA06773BFA2}.Release|Any CPU.Build.0 = Release|Any CPU
		{48393FC2-D39E-49E0-8924-30BB1023B6BF}.Debug|Any CPU.ActiveCfg = Debug|Any CPU
		{48393FC2-D39E-49E0-8924-30BB1023B6BF}.Debug|Any CPU.Build.0 = Debug|Any CPU
		{48393FC2-D39E-49E0-8924-30BB1023B6BF}.Release|Any CPU.ActiveCfg = Release|Any CPU
		{48393FC2-D39E-49E0-8924-30BB1023B6BF}.Release|Any CPU.Build.0 = Release|Any CPU
		{D1E6AB59-7492-42D4-968F-C96C4E5D7069}.Debug|Any CPU.ActiveCfg = Debug|Any CPU
		{D1E6AB59-7492-42D4-968F-C96C4E5D7069}.Debug|Any CPU.Build.0 = Debug|Any CPU
		{D1E6AB59-7492-42D4-968F-C96C4E5D7069}.Release|Any CPU.ActiveCfg = Release|Any CPU
		{D1E6AB59-7492-42D4-968F-C96C4E5D7069}.Release|Any CPU.Build.0 = Release|Any CPU
		{E678AE7F-ED58-4264-945C-4D903B3D3C67}.Debug|Any CPU.ActiveCfg = Debug|Any CPU
		{E678AE7F-ED58-4264-945C-4D903B3D3C67}.Debug|Any CPU.Build.0 = Debug|Any CPU
		{E678AE7F-ED58-4264-945C-4D903B3D3C67}.Release|Any CPU.ActiveCfg = Release|Any CPU
		{E678AE7F-ED58-4264-945C-4D903B3D3C67}.Release|Any CPU.Build.0 = Release|Any CPU
	EndGlobalSection
	GlobalSection(SolutionProperties) = preSolution
		HideSolutionNode = FALSE
	EndGlobalSection
	GlobalSection(ExtensibilityGlobals) = postSolution
		SolutionGuid = {9663A70D-93C7-4CC4-8EC7-8C3CA49EE606}
	EndGlobalSection
EndGlobal
